// !$*UTF8*$!
{
	archiveVersion = 1;
	classes = {
	};
	objectVersion = 46;
	objects = {

/* Begin PBXBuildFile section */
		033C7C211A333A90000F34CF /* main.m in Sources */ = {isa = PBXBuildFile; fileRef = 033C7C201A333A90000F34CF /* main.m */; };
		033C7C241A333A90000F34CF /* AppDelegate.m in Sources */ = {isa = PBXBuildFile; fileRef = 033C7C231A333A90000F34CF /* AppDelegate.m */; };
		033C7C271A333A90000F34CF /* FirstViewController.m in Sources */ = {isa = PBXBuildFile; fileRef = 033C7C261A333A90000F34CF /* FirstViewController.m */; };
		033C7C2A1A333A90000F34CF /* SecondViewController.m in Sources */ = {isa = PBXBuildFile; fileRef = 033C7C291A333A90000F34CF /* SecondViewController.m */; };
		033C7C2D1A333A90000F34CF /* Main.storyboard in Resources */ = {isa = PBXBuildFile; fileRef = 033C7C2B1A333A90000F34CF /* Main.storyboard */; };
		033C7C2F1A333A90000F34CF /* Images.xcassets in Resources */ = {isa = PBXBuildFile; fileRef = 033C7C2E1A333A90000F34CF /* Images.xcassets */; };
		033C7C321A333A90000F34CF /* LaunchScreen.xib in Resources */ = {isa = PBXBuildFile; fileRef = 033C7C301A333A90000F34CF /* LaunchScreen.xib */; };
		033C7C3E1A333A90000F34CF /* RaftelTests.m in Sources */ = {isa = PBXBuildFile; fileRef = 033C7C3D1A333A90000F34CF /* RaftelTests.m */; };
		033C7C481A33453D000F34CF /* sources.plist in Resources */ = {isa = PBXBuildFile; fileRef = 033C7C471A33453D000F34CF /* sources.plist */; };
		033C7C4B1A3348F0000F34CF /* Mangapanda.m in Sources */ = {isa = PBXBuildFile; fileRef = 033C7C4A1A3348F0000F34CF /* Mangapanda.m */; };
		033C7C4E1A33493A000F34CF /* Manga.m in Sources */ = {isa = PBXBuildFile; fileRef = 033C7C4D1A33493A000F34CF /* Manga.m */; };
		033C7C511A334C20000F34CF /* MangaChapter.m in Sources */ = {isa = PBXBuildFile; fileRef = 033C7C501A334C20000F34CF /* MangaChapter.m */; };
		033C7C571A337142000F34CF /* MangaGenre.m in Sources */ = {isa = PBXBuildFile; fileRef = 033C7C561A337142000F34CF /* MangaGenre.m */; };
/* End PBXBuildFile section */

/* Begin PBXContainerItemProxy section */
		033C7C381A333A90000F34CF /* PBXContainerItemProxy */ = {
			isa = PBXContainerItemProxy;
			containerPortal = 033C7C131A333A90000F34CF /* Project object */;
			proxyType = 1;
			remoteGlobalIDString = 033C7C1A1A333A90000F34CF;
			remoteInfo = Raftel;
		};
/* End PBXContainerItemProxy section */

/* Begin PBXFileReference section */
		033C7C1B1A333A90000F34CF /* Raftel.app */ = {isa = PBXFileReference; explicitFileType = wrapper.application; includeInIndex = 0; path = Raftel.app; sourceTree = BUILT_PRODUCTS_DIR; };
		033C7C1F1A333A90000F34CF /* Info.plist */ = {isa = PBXFileReference; lastKnownFileType = text.plist.xml; path = Info.plist; sourceTree = "<group>"; };
		033C7C201A333A90000F34CF /* main.m */ = {isa = PBXFileReference; lastKnownFileType = sourcecode.c.objc; path = main.m; sourceTree = "<group>"; };
		033C7C221A333A90000F34CF /* AppDelegate.h */ = {isa = PBXFileReference; lastKnownFileType = sourcecode.c.h; path = AppDelegate.h; sourceTree = "<group>"; };
		033C7C231A333A90000F34CF /* AppDelegate.m */ = {isa = PBXFileReference; lastKnownFileType = sourcecode.c.objc; path = AppDelegate.m; sourceTree = "<group>"; };
		033C7C251A333A90000F34CF /* FirstViewController.h */ = {isa = PBXFileReference; lastKnownFileType = sourcecode.c.h; path = FirstViewController.h; sourceTree = "<group>"; };
		033C7C261A333A90000F34CF /* FirstViewController.m */ = {isa = PBXFileReference; lastKnownFileType = sourcecode.c.objc; path = FirstViewController.m; sourceTree = "<group>"; };
		033C7C281A333A90000F34CF /* SecondViewController.h */ = {isa = PBXFileReference; lastKnownFileType = sourcecode.c.h; path = SecondViewController.h; sourceTree = "<group>"; };
		033C7C291A333A90000F34CF /* SecondViewController.m */ = {isa = PBXFileReference; lastKnownFileType = sourcecode.c.objc; path = SecondViewController.m; sourceTree = "<group>"; };
		033C7C2C1A333A90000F34CF /* Base */ = {isa = PBXFileReference; lastKnownFileType = file.storyboard; name = Base; path = Base.lproj/Main.storyboard; sourceTree = "<group>"; };
		033C7C2E1A333A90000F34CF /* Images.xcassets */ = {isa = PBXFileReference; lastKnownFileType = folder.assetcatalog; path = Images.xcassets; sourceTree = "<group>"; };
		033C7C311A333A90000F34CF /* Base */ = {isa = PBXFileReference; lastKnownFileType = file.xib; name = Base; path = Base.lproj/LaunchScreen.xib; sourceTree = "<group>"; };
		033C7C371A333A90000F34CF /* RaftelTests.xctest */ = {isa = PBXFileReference; explicitFileType = wrapper.cfbundle; includeInIndex = 0; path = RaftelTests.xctest; sourceTree = BUILT_PRODUCTS_DIR; };
		033C7C3C1A333A90000F34CF /* Info.plist */ = {isa = PBXFileReference; lastKnownFileType = text.plist.xml; path = Info.plist; sourceTree = "<group>"; };
		033C7C3D1A333A90000F34CF /* RaftelTests.m */ = {isa = PBXFileReference; lastKnownFileType = sourcecode.c.objc; path = RaftelTests.m; sourceTree = "<group>"; };
		033C7C471A33453D000F34CF /* sources.plist */ = {isa = PBXFileReference; fileEncoding = 4; lastKnownFileType = text.plist.xml; path = sources.plist; sourceTree = "<group>"; };
		033C7C491A3348F0000F34CF /* Mangapanda.h */ = {isa = PBXFileReference; fileEncoding = 4; lastKnownFileType = sourcecode.c.h; path = Mangapanda.h; sourceTree = "<group>"; };
		033C7C4A1A3348F0000F34CF /* Mangapanda.m */ = {isa = PBXFileReference; fileEncoding = 4; lastKnownFileType = sourcecode.c.objc; path = Mangapanda.m; sourceTree = "<group>"; };
		033C7C4C1A33493A000F34CF /* Manga.h */ = {isa = PBXFileReference; fileEncoding = 4; lastKnownFileType = sourcecode.c.h; path = Manga.h; sourceTree = "<group>"; };
		033C7C4D1A33493A000F34CF /* Manga.m */ = {isa = PBXFileReference; fileEncoding = 4; lastKnownFileType = sourcecode.c.objc; path = Manga.m; sourceTree = "<group>"; };
		033C7C4F1A334C20000F34CF /* MangaChapter.h */ = {isa = PBXFileReference; fileEncoding = 4; lastKnownFileType = sourcecode.c.h; path = MangaChapter.h; sourceTree = "<group>"; };
		033C7C501A334C20000F34CF /* MangaChapter.m */ = {isa = PBXFileReference; fileEncoding = 4; lastKnownFileType = sourcecode.c.objc; path = MangaChapter.m; sourceTree = "<group>"; };
		033C7C551A337142000F34CF /* MangaGenre.h */ = {isa = PBXFileReference; fileEncoding = 4; lastKnownFileType = sourcecode.c.h; path = MangaGenre.h; sourceTree = "<group>"; };
		033C7C561A337142000F34CF /* MangaGenre.m */ = {isa = PBXFileReference; fileEncoding = 4; lastKnownFileType = sourcecode.c.objc; path = MangaGenre.m; sourceTree = "<group>"; };
/* End PBXFileReference section */

/* Begin PBXFrameworksBuildPhase section */
		033C7C181A333A90000F34CF /* Frameworks */ = {
			isa = PBXFrameworksBuildPhase;
			buildActionMask = 2147483647;
			files = (
			);
			runOnlyForDeploymentPostprocessing = 0;
		};
		033C7C341A333A90000F34CF /* Frameworks */ = {
			isa = PBXFrameworksBuildPhase;
			buildActionMask = 2147483647;
			files = (
			);
			runOnlyForDeploymentPostprocessing = 0;
		};
/* End PBXFrameworksBuildPhase section */

/* Begin PBXGroup section */
		033C7C121A333A90000F34CF = {
			isa = PBXGroup;
			children = (
				033C7C1D1A333A90000F34CF /* Raftel */,
				033C7C3A1A333A90000F34CF /* RaftelTests */,
				033C7C1C1A333A90000F34CF /* Products */,
			);
			sourceTree = "<group>";
		};
		033C7C1C1A333A90000F34CF /* Products */ = {
			isa = PBXGroup;
			children = (
				033C7C1B1A333A90000F34CF /* Raftel.app */,
				033C7C371A333A90000F34CF /* RaftelTests.xctest */,
			);
			name = Products;
			sourceTree = "<group>";
		};
		033C7C1D1A333A90000F34CF /* Raftel */ = {
			isa = PBXGroup;
			children = (
				033C7C221A333A90000F34CF /* AppDelegate.h */,
				033C7C231A333A90000F34CF /* AppDelegate.m */,
				033C7C251A333A90000F34CF /* FirstViewController.h */,
				033C7C261A333A90000F34CF /* FirstViewController.m */,
				033C7C281A333A90000F34CF /* SecondViewController.h */,
				033C7C291A333A90000F34CF /* SecondViewController.m */,
				033C7C2B1A333A90000F34CF /* Main.storyboard */,
				033C7C2E1A333A90000F34CF /* Images.xcassets */,
				033C7C301A333A90000F34CF /* LaunchScreen.xib */,
				033C7C1E1A333A90000F34CF /* Supporting Files */,
				033C7C471A33453D000F34CF /* sources.plist */,
				033C7C491A3348F0000F34CF /* Mangapanda.h */,
				033C7C4A1A3348F0000F34CF /* Mangapanda.m */,
				033C7C4C1A33493A000F34CF /* Manga.h */,
				033C7C4D1A33493A000F34CF /* Manga.m */,
				033C7C4F1A334C20000F34CF /* MangaChapter.h */,
				033C7C501A334C20000F34CF /* MangaChapter.m */,
				033C7C551A337142000F34CF /* MangaGenre.h */,
				033C7C561A337142000F34CF /* MangaGenre.m */,
			);
			path = Raftel;
			sourceTree = "<group>";
		};
		033C7C1E1A333A90000F34CF /* Supporting Files */ = {
			isa = PBXGroup;
			children = (
				033C7C1F1A333A90000F34CF /* Info.plist */,
				033C7C201A333A90000F34CF /* main.m */,
			);
			name = "Supporting Files";
			sourceTree = "<group>";
		};
		033C7C3A1A333A90000F34CF /* RaftelTests */ = {
			isa = PBXGroup;
			children = (
				033C7C3D1A333A90000F34CF /* RaftelTests.m */,
				033C7C3B1A333A90000F34CF /* Supporting Files */,
			);
			path = RaftelTests;
			sourceTree = "<group>";
		};
		033C7C3B1A333A90000F34CF /* Supporting Files */ = {
			isa = PBXGroup;
			children = (
				033C7C3C1A333A90000F34CF /* Info.plist */,
			);
			name = "Supporting Files";
			sourceTree = "<group>";
		};
/* End PBXGroup section */

/* Begin PBXNativeTarget section */
		033C7C1A1A333A90000F34CF /* Raftel */ = {
			isa = PBXNativeTarget;
			buildConfigurationList = 033C7C411A333A90000F34CF /* Build configuration list for PBXNativeTarget "Raftel" */;
			buildPhases = (
				033C7C171A333A90000F34CF /* Sources */,
				033C7C181A333A90000F34CF /* Frameworks */,
				033C7C191A333A90000F34CF /* Resources */,
			);
			buildRules = (
			);
			dependencies = (
			);
			name = Raftel;
			productName = Raftel;
			productReference = 033C7C1B1A333A90000F34CF /* Raftel.app */;
			productType = "com.apple.product-type.application";
		};
		033C7C361A333A90000F34CF /* RaftelTests */ = {
			isa = PBXNativeTarget;
			buildConfigurationList = 033C7C441A333A90000F34CF /* Build configuration list for PBXNativeTarget "RaftelTests" */;
			buildPhases = (
				033C7C331A333A90000F34CF /* Sources */,
				033C7C341A333A90000F34CF /* Frameworks */,
				033C7C351A333A90000F34CF /* Resources */,
			);
			buildRules = (
			);
			dependencies = (
				033C7C391A333A90000F34CF /* PBXTargetDependency */,
			);
			name = RaftelTests;
			productName = RaftelTests;
			productReference = 033C7C371A333A90000F34CF /* RaftelTests.xctest */;
			productType = "com.apple.product-type.bundle.unit-test";
		};
/* End PBXNativeTarget section */

/* Begin PBXProject section */
		033C7C131A333A90000F34CF /* Project object */ = {
			isa = PBXProject;
			attributes = {
				LastUpgradeCheck = 0610;
				ORGANIZATIONNAME = Raftel;
				TargetAttributes = {
					033C7C1A1A333A90000F34CF = {
						CreatedOnToolsVersion = 6.1.1;
					};
					033C7C361A333A90000F34CF = {
						CreatedOnToolsVersion = 6.1.1;
						TestTargetID = 033C7C1A1A333A90000F34CF;
					};
				};
			};
			buildConfigurationList = 033C7C161A333A90000F34CF /* Build configuration list for PBXProject "Raftel" */;
			compatibilityVersion = "Xcode 3.2";
			developmentRegion = English;
			hasScannedForEncodings = 0;
			knownRegions = (
				en,
				Base,
			);
			mainGroup = 033C7C121A333A90000F34CF;
			productRefGroup = 033C7C1C1A333A90000F34CF /* Products */;
			projectDirPath = "";
			projectRoot = "";
			targets = (
				033C7C1A1A333A90000F34CF /* Raftel */,
				033C7C361A333A90000F34CF /* RaftelTests */,
			);
		};
/* End PBXProject section */

/* Begin PBXResourcesBuildPhase section */
		033C7C191A333A90000F34CF /* Resources */ = {
			isa = PBXResourcesBuildPhase;
			buildActionMask = 2147483647;
			files = (
				033C7C2D1A333A90000F34CF /* Main.storyboard in Resources */,
				033C7C321A333A90000F34CF /* LaunchScreen.xib in Resources */,
				033C7C2F1A333A90000F34CF /* Images.xcassets in Resources */,
				033C7C481A33453D000F34CF /* sources.plist in Resources */,
			);
			runOnlyForDeploymentPostprocessing = 0;
		};
		033C7C351A333A90000F34CF /* Resources */ = {
			isa = PBXResourcesBuildPhase;
			buildActionMask = 2147483647;
			files = (
			);
			runOnlyForDeploymentPostprocessing = 0;
		};
/* End PBXResourcesBuildPhase section */

/* Begin PBXSourcesBuildPhase section */
		033C7C171A333A90000F34CF /* Sources */ = {
			isa = PBXSourcesBuildPhase;
			buildActionMask = 2147483647;
			files = (
				033C7C511A334C20000F34CF /* MangaChapter.m in Sources */,
				033C7C4E1A33493A000F34CF /* Manga.m in Sources */,
				033C7C2A1A333A90000F34CF /* SecondViewController.m in Sources */,
				033C7C241A333A90000F34CF /* AppDelegate.m in Sources */,
				033C7C571A337142000F34CF /* MangaGenre.m in Sources */,
				033C7C271A333A90000F34CF /* FirstViewController.m in Sources */,
				033C7C211A333A90000F34CF /* main.m in Sources */,
				033C7C4B1A3348F0000F34CF /* Mangapanda.m in Sources */,
			);
			runOnlyForDeploymentPostprocessing = 0;
		};
		033C7C331A333A90000F34CF /* Sources */ = {
			isa = PBXSourcesBuildPhase;
			buildActionMask = 2147483647;
			files = (
				033C7C3E1A333A90000F34CF /* RaftelTests.m in Sources */,
			);
			runOnlyForDeploymentPostprocessing = 0;
		};
/* End PBXSourcesBuildPhase section */

/* Begin PBXTargetDependency section */
		033C7C391A333A90000F34CF /* PBXTargetDependency */ = {
			isa = PBXTargetDependency;
			target = 033C7C1A1A333A90000F34CF /* Raftel */;
			targetProxy = 033C7C381A333A90000F34CF /* PBXContainerItemProxy */;
		};
/* End PBXTargetDependency section */

/* Begin PBXVariantGroup section */
		033C7C2B1A333A90000F34CF /* Main.storyboard */ = {
			isa = PBXVariantGroup;
			children = (
				033C7C2C1A333A90000F34CF /* Base */,
			);
			name = Main.storyboard;
			sourceTree = "<group>";
		};
		033C7C301A333A90000F34CF /* LaunchScreen.xib */ = {
			isa = PBXVariantGroup;
			children = (
				033C7C311A333A90000F34CF /* Base */,
			);
			name = LaunchScreen.xib;
			sourceTree = "<group>";
		};
/* End PBXVariantGroup section */

/* Begin XCBuildConfiguration section */
		033C7C3F1A333A90000F34CF /* Debug */ = {
			isa = XCBuildConfiguration;
			buildSettings = {
				ALWAYS_SEARCH_USER_PATHS = NO;
				CLANG_CXX_LANGUAGE_STANDARD = "gnu++0x";
				CLANG_CXX_LIBRARY = "libc++";
				CLANG_ENABLE_MODULES = YES;
				CLANG_ENABLE_OBJC_ARC = YES;
				CLANG_WARN_BOOL_CONVERSION = YES;
				CLANG_WARN_CONSTANT_CONVERSION = YES;
				CLANG_WARN_DIRECT_OBJC_ISA_USAGE = YES_ERROR;
				CLANG_WARN_EMPTY_BODY = YES;
				CLANG_WARN_ENUM_CONVERSION = YES;
				CLANG_WARN_INT_CONVERSION = YES;
				CLANG_WARN_OBJC_ROOT_CLASS = YES_ERROR;
				CLANG_WARN_UNREACHABLE_CODE = YES;
				CLANG_WARN__DUPLICATE_METHOD_MATCH = YES;
				"CODE_SIGN_IDENTITY[sdk=iphoneos*]" = "iPhone Developer";
				COPY_PHASE_STRIP = NO;
				ENABLE_STRICT_OBJC_MSGSEND = YES;
				GCC_C_LANGUAGE_STANDARD = gnu99;
				GCC_DYNAMIC_NO_PIC = NO;
				GCC_OPTIMIZATION_LEVEL = 0;
				GCC_PREPROCESSOR_DEFINITIONS = (
					"DEBUG=1",
					"$(inherited)",
				);
				GCC_SYMBOLS_PRIVATE_EXTERN = NO;
				GCC_WARN_64_TO_32_BIT_CONVERSION = YES;
				GCC_WARN_ABOUT_RETURN_TYPE = YES_ERROR;
				GCC_WARN_UNDECLARED_SELECTOR = YES;
				GCC_WARN_UNINITIALIZED_AUTOS = YES_AGGRESSIVE;
				GCC_WARN_UNUSED_FUNCTION = YES;
				GCC_WARN_UNUSED_VARIABLE = YES;
				IPHONEOS_DEPLOYMENT_TARGET = 8.1;
				MTL_ENABLE_DEBUG_INFO = YES;
				ONLY_ACTIVE_ARCH = YES;
				SDKROOT = iphoneos;
				TARGETED_DEVICE_FAMILY = "1,2";
			};
			name = Debug;
		};
		033C7C401A333A90000F34CF /* Release */ = {
			isa = XCBuildConfiguration;
			buildSettings = {
				ALWAYS_SEARCH_USER_PATHS = NO;
				CLANG_CXX_LANGUAGE_STANDARD = "gnu++0x";
				CLANG_CXX_LIBRARY = "libc++";
				CLANG_ENABLE_MODULES = YES;
				CLANG_ENABLE_OBJC_ARC = YES;
				CLANG_WARN_BOOL_CONVERSION = YES;
				CLANG_WARN_CONSTANT_CONVERSION = YES;
				CLANG_WARN_DIRECT_OBJC_ISA_USAGE = YES_ERROR;
				CLANG_WARN_EMPTY_BODY = YES;
				CLANG_WARN_ENUM_CONVERSION = YES;
				CLANG_WARN_INT_CONVERSION = YES;
				CLANG_WARN_OBJC_ROOT_CLASS = YES_ERROR;
				CLANG_WARN_UNREACHABLE_CODE = YES;
				CLANG_WARN__DUPLICATE_METHOD_MATCH = YES;
				"CODE_SIGN_IDENTITY[sdk=iphoneos*]" = "iPhone Developer";
				COPY_PHASE_STRIP = YES;
				ENABLE_NS_ASSERTIONS = NO;
				ENABLE_STRICT_OBJC_MSGSEND = YES;
				GCC_C_LANGUAGE_STANDARD = gnu99;
				GCC_WARN_64_TO_32_BIT_CONVERSION = YES;
				GCC_WARN_ABOUT_RETURN_TYPE = YES_ERROR;
				GCC_WARN_UNDECLARED_SELECTOR = YES;
				GCC_WARN_UNINITIALIZED_AUTOS = YES_AGGRESSIVE;
				GCC_WARN_UNUSED_FUNCTION = YES;
				GCC_WARN_UNUSED_VARIABLE = YES;
				IPHONEOS_DEPLOYMENT_TARGET = 8.1;
				MTL_ENABLE_DEBUG_INFO = NO;
				SDKROOT = iphoneos;
				TARGETED_DEVICE_FAMILY = "1,2";
				VALIDATE_PRODUCT = YES;
			};
			name = Release;
		};
		033C7C421A333A90000F34CF /* Debug */ = {
			isa = XCBuildConfiguration;
			buildSettings = {
				ASSETCATALOG_COMPILER_APPICON_NAME = AppIcon;
				INFOPLIST_FILE = Raftel/Info.plist;
				LD_RUNPATH_SEARCH_PATHS = "$(inherited) @executable_path/Frameworks";
				PRODUCT_NAME = "$(TARGET_NAME)";
			};
			name = Debug;
		};
		033C7C431A333A90000F34CF /* Release */ = {
			isa = XCBuildConfiguration;
			buildSettings = {
				ASSETCATALOG_COMPILER_APPICON_NAME = AppIcon;
				INFOPLIST_FILE = Raftel/Info.plist;
				LD_RUNPATH_SEARCH_PATHS = "$(inherited) @executable_path/Frameworks";
				PRODUCT_NAME = "$(TARGET_NAME)";
			};
			name = Release;
		};
		033C7C451A333A90000F34CF /* Debug */ = {
			isa = XCBuildConfiguration;
			buildSettings = {
				BUNDLE_LOADER = "$(TEST_HOST)";
				FRAMEWORK_SEARCH_PATHS = (
					"$(SDKROOT)/Developer/Library/Frameworks",
					"$(inherited)",
				);
				GCC_PREPROCESSOR_DEFINITIONS = (
					"DEBUG=1",
					"$(inherited)",
				);
				INFOPLIST_FILE = RaftelTests/Info.plist;
				LD_RUNPATH_SEARCH_PATHS = "$(inherited) @executable_path/Frameworks @loader_path/Frameworks";
				PRODUCT_NAME = "$(TARGET_NAME)";
				TEST_HOST = "$(BUILT_PRODUCTS_DIR)/Raftel.app/Raftel";
			};
			name = Debug;
		};
		033C7C461A333A90000F34CF /* Release */ = {
			isa = XCBuildConfiguration;
			buildSettings = {
				BUNDLE_LOADER = "$(TEST_HOST)";
				FRAMEWORK_SEARCH_PATHS = (
					"$(SDKROOT)/Developer/Library/Frameworks",
					"$(inherited)",
				);
				INFOPLIST_FILE = RaftelTests/Info.plist;
				LD_RUNPATH_SEARCH_PATHS = "$(inherited) @executable_path/Frameworks @loader_path/Frameworks";
				PRODUCT_NAME = "$(TARGET_NAME)";
				TEST_HOST = "$(BUILT_PRODUCTS_DIR)/Raftel.app/Raftel";
			};
			name = Release;
		};
/* End XCBuildConfiguration section */

/* Begin XCConfigurationList section */
		033C7C161A333A90000F34CF /* Build configuration list for PBXProject "Raftel" */ = {
			isa = XCConfigurationList;
			buildConfigurations = (
				033C7C3F1A333A90000F34CF /* Debug */,
				033C7C401A333A90000F34CF /* Release */,
			);
			defaultConfigurationIsVisible = 0;
			defaultConfigurationName = Release;
		};
		033C7C411A333A90000F34CF /* Build configuration list for PBXNativeTarget "Raftel" */ = {
			isa = XCConfigurationList;
			buildConfigurations = (
				033C7C421A333A90000F34CF /* Debug */,
				033C7C431A333A90000F34CF /* Release */,
			);
			defaultConfigurationIsVisible = 0;
		};
		033C7C441A333A90000F34CF /* Build configuration list for PBXNativeTarget "RaftelTests" */ = {
			isa = XCConfigurationList;
			buildConfigurations = (
				033C7C451A333A90000F34CF /* Debug */,
				033C7C461A333A90000F34CF /* Release */,
			);
			defaultConfigurationIsVisible = 0;
		};
/* End XCConfigurationList section */
	};
	rootObject = 033C7C131A333A90000F34CF /* Project object */;
}
